
Microsoft Visual Studio Solution File, Format Version 12.00
# Visual Studio Version 17
VisualStudioVersion = 17.14.36221.1 d17.14
MinimumVisualStudioVersion = 10.0.40219.1
Project("{8BC9CEB8-8B4A-11D0-8D11-00A0C91BC942}") = "GuloaderDumper", "GuloaderDumper\GuloaderDumper.vcxproj", "{8195BB4B-173F-C7B7-2200-35BD6C73CA65}"
EndProject
Global
	GlobalSection(SolutionConfigurationPlatforms) = preSolution
		Debug|ARM64 = Debug|ARM64
		Debug|x64 = Debug|x64
		Release|ARM64 = Release|ARM64
		Release|x64 = Release|x64
	EndGlobalSection
	GlobalSection(ProjectConfigurationPlatforms) = postSolution
		{8195BB4B-173F-C7B7-2200-35BD6C73CA65}.Debug|ARM64.ActiveCfg = Debug|ARM64
		{8195BB4B-173F-C7B7-2200-35BD6C73CA65}.Debug|ARM64.Build.0 = Debug|ARM64
		{8195BB4B-173F-C7B7-2200-35BD6C73CA65}.Debug|ARM64.Deploy.0 = Debug|ARM64
		{8195BB4B-173F-C7B7-2200-35BD6C73CA65}.Debug|x64.ActiveCfg = Debug|x64
		{8195BB4B-173F-C7B7-2200-35BD6C73CA65}.Debug|x64.Build.0 = Debug|x64
		{8195BB4B-173F-C7B7-2200-35BD6C73CA65}.Debug|x64.Deploy.0 = Debug|x64
		{8195BB4B-173F-C7B7-2200-35BD6C73CA65}.Release|ARM64.ActiveCfg = Release|ARM64
		{8195BB4B-173F-C7B7-2200-35BD6C73CA65}.Release|ARM64.Build.0 = Release|ARM64
		{8195BB4B-173F-C7B7-2200-35BD6C73CA65}.Release|ARM64.Deploy.0 = Release|ARM64
		{8195BB4B-173F-C7B7-2200-35BD6C73CA65}.Release|x64.ActiveCfg = Release|x64
		{8195BB4B-173F-C7B7-2200-35BD6C73CA65}.Release|x64.Build.0 = Release|x64
		{8195BB4B-173F-C7B7-2200-35BD6C73CA65}.Release|x64.Deploy.0 = Release|x64
	EndGlobalSection
	GlobalSection(SolutionProperties) = preSolution
		HideSolutionNode = FALSE
	EndGlobalSection
	GlobalSection(ExtensibilityGlobals) = postSolution
		SolutionGuid = {7637B029-DCDA-48B2-90B6-EE3980CF1B97}
	EndGlobalSection
EndGlobal
